
Microsoft Visual Studio Solution File, Format Version 12.00
# Visual Studio 15
VisualStudioVersion = 15.0.27004.2009
MinimumVisualStudioVersion = 10.0.40219.1
Project("{FAE04EC0-301F-11D3-BF4B-00C04F79EFBC}") = "DasboardGEC", "DasboardGEC\DasboardGEC.csproj", "{A1613BD9-07DE-4F5C-BD67-0475CA24372A}"
EndProject
Project("{FAE04EC0-301F-11D3-BF4B-00C04F79EFBC}") = "APILocalbitcoins", "APILocalbitcoins\APILocalbitcoins.csproj", "{65CF51C5-D47B-4A4A-B78D-4A80632AE7BC}"
EndProject
Global
	GlobalSection(SolutionConfigurationPlatforms) = preSolution
		Debug|Any CPU = Debug|Any CPU
		Release|Any CPU = Release|Any CPU
	EndGlobalSection
	GlobalSection(ProjectConfigurationPlatforms) = postSolution
		{A1613BD9-07DE-4F5C-BD67-0475CA24372A}.Debug|Any CPU.ActiveCfg = Debug|Any CPU
		{A1613BD9-07DE-4F5C-BD67-0475CA24372A}.Debug|Any CPU.Build.0 = Debug|Any CPU
		{A1613BD9-07DE-4F5C-BD67-0475CA24372A}.Release|Any CPU.ActiveCfg = Release|Any CPU
		{A1613BD9-07DE-4F5C-BD67-0475CA24372A}.Release|Any CPU.Build.0 = Release|Any CPU
		{65CF51C5-D47B-4A4A-B78D-4A80632AE7BC}.Debug|Any CPU.ActiveCfg = Debug|Any CPU
		{65CF51C5-D47B-4A4A-B78D-4A80632AE7BC}.Debug|Any CPU.Build.0 = Debug|Any CPU
		{65CF51C5-D47B-4A4A-B78D-4A80632AE7BC}.Release|Any CPU.ActiveCfg = Release|Any CPU
		{65CF51C5-D47B-4A4A-B78D-4A80632AE7BC}.Release|Any CPU.Build.0 = Release|Any CPU
	EndGlobalSection
	GlobalSection(SolutionProperties) = preSolution
		HideSolutionNode = FALSE
	EndGlobalSection
	GlobalSection(ExtensibilityGlobals) = postSolution
		SolutionGuid = {92E45AD2-8367-476C-833D-1168103D6D03}
	EndGlobalSection
EndGlobal
